
Microsoft Visual Studio Solution File, Format Version 12.00
# Visual Studio Version 17
VisualStudioVersion = 17.8.34322.80
MinimumVisualStudioVersion = 10.0.40219.1
Project("{9A19103F-16F7-4668-BE54-9A1E7A4F7556}") = "Web", "Web\Web.csproj", "{079AF037-0189-4701-9E6F-ECD511689B31}"
EndProject
Project("{9A19103F-16F7-4668-BE54-9A1E7A4F7556}") = "Infrastructure", "Infrastructure\Infrastructure.csproj", "{FAC0B826-5CF1-4EDA-87F8-0A1ADB2A28C3}"
EndProject
Project("{9A19103F-16F7-4668-BE54-9A1E7A4F7556}") = "AplicationCore", "AplicationCore\AplicationCore.csproj", "{341614B6-3328-4FC9-B0B1-30E7CF83FB2F}"
EndProject
Project("{FAE04EC0-301F-11D3-BF4B-00C04F79EFBC}") = "UnitTests", "UnitTests\UnitTests.csproj", "{56704C5B-8215-45BE-8CC1-0D2806E0411E}"
EndProject
Global
	GlobalSection(SolutionConfigurationPlatforms) = preSolution
		Debug|Any CPU = Debug|Any CPU
		Release|Any CPU = Release|Any CPU
	EndGlobalSection
	GlobalSection(ProjectConfigurationPlatforms) = postSolution
		{079AF037-0189-4701-9E6F-ECD511689B31}.Debug|Any CPU.ActiveCfg = Debug|Any CPU
		{079AF037-0189-4701-9E6F-ECD511689B31}.Debug|Any CPU.Build.0 = Debug|Any CPU
		{079AF037-0189-4701-9E6F-ECD511689B31}.Release|Any CPU.ActiveCfg = Release|Any CPU
		{079AF037-0189-4701-9E6F-ECD511689B31}.Release|Any CPU.Build.0 = Release|Any CPU
		{FAC0B826-5CF1-4EDA-87F8-0A1ADB2A28C3}.Debug|Any CPU.ActiveCfg = Debug|Any CPU
		{FAC0B826-5CF1-4EDA-87F8-0A1ADB2A28C3}.Debug|Any CPU.Build.0 = Debug|Any CPU
		{FAC0B826-5CF1-4EDA-87F8-0A1ADB2A28C3}.Release|Any CPU.ActiveCfg = Release|Any CPU
		{FAC0B826-5CF1-4EDA-87F8-0A1ADB2A28C3}.Release|Any CPU.Build.0 = Release|Any CPU
		{341614B6-3328-4FC9-B0B1-30E7CF83FB2F}.Debug|Any CPU.ActiveCfg = Debug|Any CPU
		{341614B6-3328-4FC9-B0B1-30E7CF83FB2F}.Debug|Any CPU.Build.0 = Debug|Any CPU
		{341614B6-3328-4FC9-B0B1-30E7CF83FB2F}.Release|Any CPU.ActiveCfg = Release|Any CPU
		{341614B6-3328-4FC9-B0B1-30E7CF83FB2F}.Release|Any CPU.Build.0 = Release|Any CPU
		{56704C5B-8215-45BE-8CC1-0D2806E0411E}.Debug|Any CPU.ActiveCfg = Debug|Any CPU
		{56704C5B-8215-45BE-8CC1-0D2806E0411E}.Debug|Any CPU.Build.0 = Debug|Any CPU
		{56704C5B-8215-45BE-8CC1-0D2806E0411E}.Release|Any CPU.ActiveCfg = Release|Any CPU
		{56704C5B-8215-45BE-8CC1-0D2806E0411E}.Release|Any CPU.Build.0 = Release|Any CPU
	EndGlobalSection
	GlobalSection(SolutionProperties) = preSolution
		HideSolutionNode = FALSE
	EndGlobalSection
	GlobalSection(ExtensibilityGlobals) = postSolution
		SolutionGuid = {1289BC83-4CBC-462B-9D70-7DDFB3BE7BAE}
	EndGlobalSection
EndGlobal
